
Microsoft Visual Studio Solution File, Format Version 12.00
# Visual Studio Version 17
VisualStudioVersion = 17.8.34330.188
MinimumVisualStudioVersion = 10.0.40219.1
Project("{FAE04EC0-301F-11D3-BF4B-00C04F79EFBC}") = "Gida-Denetimi_Satis", "Gida-Denetimi_Satis\Gida-Denetimi_Satis.csproj", "{2830169C-5426-43EA-B07C-FFC248D95656}"
EndProject
Global
	GlobalSection(SolutionConfigurationPlatforms) = preSolution
		Debug|Any CPU = Debug|Any CPU
		Release|Any CPU = Release|Any CPU
	EndGlobalSection
	GlobalSection(ProjectConfigurationPlatforms) = postSolution
		{2830169C-5426-43EA-B07C-FFC248D95656}.Debug|Any CPU.ActiveCfg = Debug|Any CPU
		{2830169C-5426-43EA-B07C-FFC248D95656}.Debug|Any CPU.Build.0 = Debug|Any CPU
		{2830169C-5426-43EA-B07C-FFC248D95656}.Release|Any CPU.ActiveCfg = Release|Any CPU
		{2830169C-5426-43EA-B07C-FFC248D95656}.Release|Any CPU.Build.0 = Release|Any CPU
	EndGlobalSection
	GlobalSection(SolutionProperties) = preSolution
		HideSolutionNode = FALSE
	EndGlobalSection
	GlobalSection(ExtensibilityGlobals) = postSolution
		SolutionGuid = {23D610B7-E2AB-453D-845E-BD0B84526AC1}
	EndGlobalSection
EndGlobal
